// !$*UTF8*$!
{
	archiveVersion = 1;
	classes = {
	};
	objectVersion = 77;
	objects = {

/* Begin PBXBuildFile section */
		A1D95EA32DDD0343006EE0C0 /* FirebaseAnalytics in Frameworks */ = {isa = PBXBuildFile; productRef = A1D95EA22DDD0343006EE0C0 /* FirebaseAnalytics */; };
		A1D95EA72DDD0343006EE0C0 /* FirebaseCore in Frameworks */ = {isa = PBXBuildFile; productRef = A1D95EA62DDD0343006EE0C0 /* FirebaseCore */; };
		A1D95EA92DDD0343006EE0C0 /* FirebaseCrashlytics in Frameworks */ = {isa = PBXBuildFile; productRef = A1D95EA82DDD0343006EE0C0 /* FirebaseCrashlytics */; };
		A1D95EAB2DDD0343006EE0C0 /* FirebaseFirestore in Frameworks */ = {isa = PBXBuildFile; productRef = A1D95EAA2DDD0343006EE0C0 /* FirebaseFirestore */; };
		A1D95EAD2DDD0343006EE0C0 /* FirebaseStorage in Frameworks */ = {isa = PBXBuildFile; productRef = A1D95EAC2DDD0343006EE0C0 /* FirebaseStorage */; };
		A1D95ED52DDD56F8006EE0C0 /* FirebaseAuth in Frameworks */ = {isa = PBXBuildFile; productRef = A1D95ED42DDD56F8006EE0C0 /* FirebaseAuth */; };
		A1D95ED72DDD5747006EE0C0 /* FirebaseDynamicLinks in Frameworks */ = {isa = PBXBuildFile; productRef = A1D95ED62DDD5747006EE0C0 /* FirebaseDynamicLinks */; };
/* End PBXBuildFile section */

/* Begin PBXContainerItemProxy section */
		A178731B2DDCE23E0095CC19 /* PBXContainerItemProxy */ = {
			isa = PBXContainerItemProxy;
			containerPortal = A17873052DDCE23D0095CC19 /* Project object */;
			proxyType = 1;
			remoteGlobalIDString = A178730C2DDCE23D0095CC19;
			remoteInfo = fuap;
		};
		A17873252DDCE23F0095CC19 /* PBXContainerItemProxy */ = {
			isa = PBXContainerItemProxy;
			containerPortal = A17873052DDCE23D0095CC19 /* Project object */;
			proxyType = 1;
			remoteGlobalIDString = A178730C2DDCE23D0095CC19;
			remoteInfo = fuap;
		};
/* End PBXContainerItemProxy section */

/* Begin PBXFileReference section */
		A178730D2DDCE23D0095CC19 /* fuap.app */ = {isa = PBXFileReference; explicitFileType = wrapper.application; includeInIndex = 0; path = fuap.app; sourceTree = BUILT_PRODUCTS_DIR; };
		A178731A2DDCE23E0095CC19 /* fuapTests.xctest */ = {isa = PBXFileReference; explicitFileType = wrapper.cfbundle; includeInIndex = 0; path = fuapTests.xctest; sourceTree = BUILT_PRODUCTS_DIR; };
		A17873242DDCE23F0095CC19 /* fuapUITests.xctest */ = {isa = PBXFileReference; explicitFileType = wrapper.cfbundle; includeInIndex = 0; path = fuapUITests.xctest; sourceTree = BUILT_PRODUCTS_DIR; };
/* End PBXFileReference section */

/* Begin PBXFileSystemSynchronizedBuildFileExceptionSet section */
		A15255802DDE2DEF0032548B /* Exceptions for "fuap" folder in "fuap" target */ = {
			isa = PBXFileSystemSynchronizedBuildFileExceptionSet;
			membershipExceptions = (
				Info.plist,
			);
			target = A178730C2DDCE23D0095CC19 /* fuap */;
		};
/* End PBXFileSystemSynchronizedBuildFileExceptionSet section */

/* Begin PBXFileSystemSynchronizedRootGroup section */
		A178730F2DDCE23D0095CC19 /* fuap */ = {
			isa = PBXFileSystemSynchronizedRootGroup;
			exceptions = (
				A15255802DDE2DEF0032548B /* Exceptions for "fuap" folder in "fuap" target */,
			);
			path = fuap;
			sourceTree = "<group>";
		};
		A178731D2DDCE23E0095CC19 /* fuapTests */ = {
			isa = PBXFileSystemSynchronizedRootGroup;
			path = fuapTests;
			sourceTree = "<group>";
		};
		A17873272DDCE23F0095CC19 /* fuapUITests */ = {
			isa = PBXFileSystemSynchronizedRootGroup;
			path = fuapUITests;
			sourceTree = "<group>";
		};
/* End PBXFileSystemSynchronizedRootGroup section */

/* Begin PBXFrameworksBuildPhase section */
		A178730A2DDCE23D0095CC19 /* Frameworks */ = {
			isa = PBXFrameworksBuildPhase;
			buildActionMask = 2147483647;
			files = (
				A1D95EA32DDD0343006EE0C0 /* FirebaseAnalytics in Frameworks */,
				A1D95ED52DDD56F8006EE0C0 /* FirebaseAuth in Frameworks */,
				A1D95EA92DDD0343006EE0C0 /* FirebaseCrashlytics in Frameworks */,
				A1D95EA72DDD0343006EE0C0 /* FirebaseCore in Frameworks */,
				A1D95EAB2DDD0343006EE0C0 /* FirebaseFirestore in Frameworks */,
				A1D95ED72DDD5747006EE0C0 /* FirebaseDynamicLinks in Frameworks */,
				A1D95EAD2DDD0343006EE0C0 /* FirebaseStorage in Frameworks */,
			);
			runOnlyForDeploymentPostprocessing = 0;
		};
		A17873172DDCE23E0095CC19 /* Frameworks */ = {
			isa = PBXFrameworksBuildPhase;
			buildActionMask = 2147483647;
			files = (
			);
			runOnlyForDeploymentPostprocessing = 0;
		};
		A17873212DDCE23F0095CC19 /* Frameworks */ = {
			isa = PBXFrameworksBuildPhase;
			buildActionMask = 2147483647;
			files = (
			);
			runOnlyForDeploymentPostprocessing = 0;
		};
/* End PBXFrameworksBuildPhase section */

/* Begin PBXGroup section */
		A17873042DDCE23D0095CC19 = {
			isa = PBXGroup;
			children = (
				A178730F2DDCE23D0095CC19 /* fuap */,
				A178731D2DDCE23E0095CC19 /* fuapTests */,
				A17873272DDCE23F0095CC19 /* fuapUITests */,
				A1D95E712DDCF867006EE0C0 /* Frameworks */,
				A178730E2DDCE23D0095CC19 /* Products */,
			);
			sourceTree = "<group>";
		};
		A178730E2DDCE23D0095CC19 /* Products */ = {
			isa = PBXGroup;
			children = (
				A178730D2DDCE23D0095CC19 /* fuap.app */,
				A178731A2DDCE23E0095CC19 /* fuapTests.xctest */,
				A17873242DDCE23F0095CC19 /* fuapUITests.xctest */,
			);
			name = Products;
			sourceTree = "<group>";
		};
		A1D95E712DDCF867006EE0C0 /* Frameworks */ = {
			isa = PBXGroup;
			children = (
			);
			name = Frameworks;
			sourceTree = "<group>";
		};
/* End PBXGroup section */

/* Begin PBXNativeTarget section */
		A178730C2DDCE23D0095CC19 /* fuap */ = {
			isa = PBXNativeTarget;
			buildConfigurationList = A178732E2DDCE23F0095CC19 /* Build configuration list for PBXNativeTarget "fuap" */;
			buildPhases = (
				A17873422DDCE3DA0095CC19 /* Run SwiftLint */,
				A17873092DDCE23D0095CC19 /* Sources */,
				A178730A2DDCE23D0095CC19 /* Frameworks */,
				A178730B2DDCE23D0095CC19 /* Resources */,
			);
			buildRules = (
			);
			dependencies = (
			);
			fileSystemSynchronizedGroups = (
				A178730F2DDCE23D0095CC19 /* fuap */,
			);
			name = fuap;
			packageProductDependencies = (
				A1D95EA22DDD0343006EE0C0 /* FirebaseAnalytics */,
				A1D95EA62DDD0343006EE0C0 /* FirebaseCore */,
				A1D95EA82DDD0343006EE0C0 /* FirebaseCrashlytics */,
				A1D95EAA2DDD0343006EE0C0 /* FirebaseFirestore */,
				A1D95EAC2DDD0343006EE0C0 /* FirebaseStorage */,
				A1D95ED42DDD56F8006EE0C0 /* FirebaseAuth */,
				A1D95ED62DDD5747006EE0C0 /* FirebaseDynamicLinks */,
			);
			productName = fuap;
			productReference = A178730D2DDCE23D0095CC19 /* fuap.app */;
			productType = "com.apple.product-type.application";
		};
		A17873192DDCE23E0095CC19 /* fuapTests */ = {
			isa = PBXNativeTarget;
			buildConfigurationList = A17873312DDCE23F0095CC19 /* Build configuration list for PBXNativeTarget "fuapTests" */;
			buildPhases = (
				A17873162DDCE23E0095CC19 /* Sources */,
				A17873172DDCE23E0095CC19 /* Frameworks */,
				A17873182DDCE23E0095CC19 /* Resources */,
			);
			buildRules = (
			);
			dependencies = (
				A178731C2DDCE23E0095CC19 /* PBXTargetDependency */,
			);
			fileSystemSynchronizedGroups = (
				A178731D2DDCE23E0095CC19 /* fuapTests */,
			);
			name = fuapTests;
			packageProductDependencies = (
			);
			productName = fuapTests;
			productReference = A178731A2DDCE23E0095CC19 /* fuapTests.xctest */;
			productType = "com.apple.product-type.bundle.unit-test";
		};
		A17873232DDCE23F0095CC19 /* fuapUITests */ = {
			isa = PBXNativeTarget;
			buildConfigurationList = A17873342DDCE23F0095CC19 /* Build configuration list for PBXNativeTarget "fuapUITests" */;
			buildPhases = (
				A17873202DDCE23F0095CC19 /* Sources */,
				A17873212DDCE23F0095CC19 /* Frameworks */,
				A17873222DDCE23F0095CC19 /* Resources */,
			);
			buildRules = (
			);
			dependencies = (
				A17873262DDCE23F0095CC19 /* PBXTargetDependency */,
			);
			fileSystemSynchronizedGroups = (
				A17873272DDCE23F0095CC19 /* fuapUITests */,
			);
			name = fuapUITests;
			packageProductDependencies = (
			);
			productName = fuapUITests;
			productReference = A17873242DDCE23F0095CC19 /* fuapUITests.xctest */;
			productType = "com.apple.product-type.bundle.ui-testing";
		};
/* End PBXNativeTarget section */

/* Begin PBXProject section */
		A17873052DDCE23D0095CC19 /* Project object */ = {
			isa = PBXProject;
			attributes = {
				BuildIndependentTargetsInParallel = 1;
				LastSwiftUpdateCheck = 1630;
				LastUpgradeCheck = 1630;
				TargetAttributes = {
					A178730C2DDCE23D0095CC19 = {
						CreatedOnToolsVersion = 16.3;
						LastSwiftMigration = 1630;
					};
					A17873192DDCE23E0095CC19 = {
						CreatedOnToolsVersion = 16.3;
						TestTargetID = A178730C2DDCE23D0095CC19;
					};
					A17873232DDCE23F0095CC19 = {
						CreatedOnToolsVersion = 16.3;
						TestTargetID = A178730C2DDCE23D0095CC19;
					};
				};
			};
			buildConfigurationList = A17873082DDCE23D0095CC19 /* Build configuration list for PBXProject "fuap" */;
			developmentRegion = en;
			hasScannedForEncodings = 0;
			knownRegions = (
				en,
				Base,
			);
			mainGroup = A17873042DDCE23D0095CC19;
			minimizedProjectReferenceProxies = 1;
			packageReferences = (
				A1D95EA12DDD0343006EE0C0 /* XCRemoteSwiftPackageReference "firebase-ios-sdk" */,
			);
			preferredProjectObjectVersion = 77;
			productRefGroup = A178730E2DDCE23D0095CC19 /* Products */;
			projectDirPath = "";
			projectRoot = "";
			targets = (
				A178730C2DDCE23D0095CC19 /* fuap */,
				A17873192DDCE23E0095CC19 /* fuapTests */,
				A17873232DDCE23F0095CC19 /* fuapUITests */,
			);
		};
/* End PBXProject section */

/* Begin PBXResourcesBuildPhase section */
		A178730B2DDCE23D0095CC19 /* Resources */ = {
			isa = PBXResourcesBuildPhase;
			buildActionMask = 2147483647;
			files = (
			);
			runOnlyForDeploymentPostprocessing = 0;
		};
		A17873182DDCE23E0095CC19 /* Resources */ = {
			isa = PBXResourcesBuildPhase;
			buildActionMask = 2147483647;
			files = (
			);
			runOnlyForDeploymentPostprocessing = 0;
		};
		A17873222DDCE23F0095CC19 /* Resources */ = {
			isa = PBXResourcesBuildPhase;
			buildActionMask = 2147483647;
			files = (
			);
			runOnlyForDeploymentPostprocessing = 0;
		};
/* End PBXResourcesBuildPhase section */

/* Begin PBXShellScriptBuildPhase section */
		A17873422DDCE3DA0095CC19 /* Run SwiftLint */ = {
			isa = PBXShellScriptBuildPhase;
			alwaysOutOfDate = 1;
			buildActionMask = 2147483647;
			files = (
			);
			inputFileListPaths = (
			);
			inputPaths = (
			);
			name = "Run SwiftLint";
			outputFileListPaths = (
			);
			outputPaths = (
			);
			runOnlyForDeploymentPostprocessing = 0;
			shellPath = /bin/sh;
			shellScript = "if which swiftlint >/dev/null; then\n  swiftlint\nelse\n  echo \"SwiftLint not installed. Please install it from https://github.com/realm/SwiftLint\"\nfi\n";
		};
/* End PBXShellScriptBuildPhase section */

/* Begin PBXSourcesBuildPhase section */
		A17873092DDCE23D0095CC19 /* Sources */ = {
			isa = PBXSourcesBuildPhase;
			buildActionMask = 2147483647;
			files = (
			);
			runOnlyForDeploymentPostprocessing = 0;
		};
		A17873162DDCE23E0095CC19 /* Sources */ = {
			isa = PBXSourcesBuildPhase;
			buildActionMask = 2147483647;
			files = (
			);
			runOnlyForDeploymentPostprocessing = 0;
		};
		A17873202DDCE23F0095CC19 /* Sources */ = {
			isa = PBXSourcesBuildPhase;
			buildActionMask = 2147483647;
			files = (
			);
			runOnlyForDeploymentPostprocessing = 0;
		};
/* End PBXSourcesBuildPhase section */

/* Begin PBXTargetDependency section */
		A178731C2DDCE23E0095CC19 /* PBXTargetDependency */ = {
			isa = PBXTargetDependency;
			target = A178730C2DDCE23D0095CC19 /* fuap */;
			targetProxy = A178731B2DDCE23E0095CC19 /* PBXContainerItemProxy */;
		};
		A17873262DDCE23F0095CC19 /* PBXTargetDependency */ = {
			isa = PBXTargetDependency;
			target = A178730C2DDCE23D0095CC19 /* fuap */;
			targetProxy = A17873252DDCE23F0095CC19 /* PBXContainerItemProxy */;
		};
/* End PBXTargetDependency section */

/* Begin XCBuildConfiguration section */
		A178732C2DDCE23F0095CC19 /* Debug */ = {
			isa = XCBuildConfiguration;
			buildSettings = {
				ALWAYS_SEARCH_USER_PATHS = NO;
				ASSETCATALOG_COMPILER_GENERATE_SWIFT_ASSET_SYMBOL_EXTENSIONS = YES;
				CLANG_ANALYZER_NONNULL = YES;
				CLANG_ANALYZER_NUMBER_OBJECT_CONVERSION = YES_AGGRESSIVE;
				CLANG_CXX_LANGUAGE_STANDARD = "gnu++20";
				CLANG_ENABLE_MODULES = YES;
				CLANG_ENABLE_OBJC_ARC = YES;
				CLANG_ENABLE_OBJC_WEAK = YES;
				CLANG_WARN_BLOCK_CAPTURE_AUTORELEASING = YES;
				CLANG_WARN_BOOL_CONVERSION = YES;
				CLANG_WARN_COMMA = YES;
				CLANG_WARN_CONSTANT_CONVERSION = YES;
				CLANG_WARN_DEPRECATED_OBJC_IMPLEMENTATIONS = YES;
				CLANG_WARN_DIRECT_OBJC_ISA_USAGE = YES_ERROR;
				CLANG_WARN_DOCUMENTATION_COMMENTS = YES;
				CLANG_WARN_EMPTY_BODY = YES;
				CLANG_WARN_ENUM_CONVERSION = YES;
				CLANG_WARN_INFINITE_RECURSION = YES;
				CLANG_WARN_INT_CONVERSION = YES;
				CLANG_WARN_NON_LITERAL_NULL_CONVERSION = YES;
				CLANG_WARN_OBJC_IMPLICIT_RETAIN_SELF = YES;
				CLANG_WARN_OBJC_LITERAL_CONVERSION = YES;
				CLANG_WARN_OBJC_ROOT_CLASS = YES_ERROR;
				CLANG_WARN_QUOTED_INCLUDE_IN_FRAMEWORK_HEADER = YES;
				CLANG_WARN_RANGE_LOOP_ANALYSIS = YES;
				CLANG_WARN_STRICT_PROTOTYPES = YES;
				CLANG_WARN_SUSPICIOUS_MOVE = YES;
				CLANG_WARN_UNGUARDED_AVAILABILITY = YES_AGGRESSIVE;
				CLANG_WARN_UNREACHABLE_CODE = YES;
				CLANG_WARN__DUPLICATE_METHOD_MATCH = YES;
				COPY_PHASE_STRIP = NO;
				DEBUG_INFORMATION_FORMAT = dwarf;
				DEVELOPMENT_TEAM = 7VSVAXS4SU;
				ENABLE_STRICT_OBJC_MSGSEND = YES;
				ENABLE_TESTABILITY = YES;
				ENABLE_USER_SCRIPT_SANDBOXING = YES;
				GCC_C_LANGUAGE_STANDARD = gnu17;
				GCC_DYNAMIC_NO_PIC = NO;
				GCC_NO_COMMON_BLOCKS = YES;
				GCC_OPTIMIZATION_LEVEL = 0;
				GCC_PREPROCESSOR_DEFINITIONS = (
					"DEBUG=1",
					"$(inherited)",
				);
				GCC_WARN_64_TO_32_BIT_CONVERSION = YES;
				GCC_WARN_ABOUT_RETURN_TYPE = YES_ERROR;
				GCC_WARN_UNDECLARED_SELECTOR = YES;
				GCC_WARN_UNINITIALIZED_AUTOS = YES_AGGRESSIVE;
				GCC_WARN_UNUSED_FUNCTION = YES;
				GCC_WARN_UNUSED_VARIABLE = YES;
				IPHONEOS_DEPLOYMENT_TARGET = 18.4;
				LOCALIZATION_PREFERS_STRING_CATALOGS = YES;
				MTL_ENABLE_DEBUG_INFO = INCLUDE_SOURCE;
				MTL_FAST_MATH = YES;
				ONLY_ACTIVE_ARCH = YES;
				SDKROOT = iphoneos;
				SWIFT_ACTIVE_COMPILATION_CONDITIONS = "DEBUG $(inherited)";
				SWIFT_OPTIMIZATION_LEVEL = "-Onone";
			};
			name = Debug;
		};
		A178732D2DDCE23F0095CC19 /* Release */ = {
			isa = XCBuildConfiguration;
			buildSettings = {
				ALWAYS_SEARCH_USER_PATHS = NO;
				ASSETCATALOG_COMPILER_GENERATE_SWIFT_ASSET_SYMBOL_EXTENSIONS = YES;
				CLANG_ANALYZER_NONNULL = YES;
				CLANG_ANALYZER_NUMBER_OBJECT_CONVERSION = YES_AGGRESSIVE;
				CLANG_CXX_LANGUAGE_STANDARD = "gnu++20";
				CLANG_ENABLE_MODULES = YES;
				CLANG_ENABLE_OBJC_ARC = YES;
				CLANG_ENABLE_OBJC_WEAK = YES;
				CLANG_WARN_BLOCK_CAPTURE_AUTORELEASING = YES;
				CLANG_WARN_BOOL_CONVERSION = YES;
				CLANG_WARN_COMMA = YES;
				CLANG_WARN_CONSTANT_CONVERSION = YES;
				CLANG_WARN_DEPRECATED_OBJC_IMPLEMENTATIONS = YES;
				CLANG_WARN_DIRECT_OBJC_ISA_USAGE = YES_ERROR;
				CLANG_WARN_DOCUMENTATION_COMMENTS = YES;
				CLANG_WARN_EMPTY_BODY = YES;
				CLANG_WARN_ENUM_CONVERSION = YES;
				CLANG_WARN_INFINITE_RECURSION = YES;
				CLANG_WARN_INT_CONVERSION = YES;
				CLANG_WARN_NON_LITERAL_NULL_CONVERSION = YES;
				CLANG_WARN_OBJC_IMPLICIT_RETAIN_SELF = YES;
				CLANG_WARN_OBJC_LITERAL_CONVERSION = YES;
				CLANG_WARN_OBJC_ROOT_CLASS = YES_ERROR;
				CLANG_WARN_QUOTED_INCLUDE_IN_FRAMEWORK_HEADER = YES;
				CLANG_WARN_RANGE_LOOP_ANALYSIS = YES;
				CLANG_WARN_STRICT_PROTOTYPES = YES;
				CLANG_WARN_SUSPICIOUS_MOVE = YES;
				CLANG_WARN_UNGUARDED_AVAILABILITY = YES_AGGRESSIVE;
				CLANG_WARN_UNREACHABLE_CODE = YES;
				CLANG_WARN__DUPLICATE_METHOD_MATCH = YES;
				COPY_PHASE_STRIP = NO;
				DEBUG_INFORMATION_FORMAT = "dwarf-with-dsym";
				DEVELOPMENT_TEAM = 7VSVAXS4SU;
				ENABLE_NS_ASSERTIONS = NO;
				ENABLE_STRICT_OBJC_MSGSEND = YES;
				ENABLE_USER_SCRIPT_SANDBOXING = YES;
				GCC_C_LANGUAGE_STANDARD = gnu17;
				GCC_NO_COMMON_BLOCKS = YES;
				GCC_WARN_64_TO_32_BIT_CONVERSION = YES;
				GCC_WARN_ABOUT_RETURN_TYPE = YES_ERROR;
				GCC_WARN_UNDECLARED_SELECTOR = YES;
				GCC_WARN_UNINITIALIZED_AUTOS = YES_AGGRESSIVE;
				GCC_WARN_UNUSED_FUNCTION = YES;
				GCC_WARN_UNUSED_VARIABLE = YES;
				IPHONEOS_DEPLOYMENT_TARGET = 18.4;
				LOCALIZATION_PREFERS_STRING_CATALOGS = YES;
				MTL_ENABLE_DEBUG_INFO = NO;
				MTL_FAST_MATH = YES;
				SDKROOT = iphoneos;
				SWIFT_COMPILATION_MODE = wholemodule;
				VALIDATE_PRODUCT = YES;
			};
			name = Release;
		};
		A178732F2DDCE23F0095CC19 /* Debug */ = {
			isa = XCBuildConfiguration;
			buildSettings = {
				ASSETCATALOG_COMPILER_APPICON_NAME = AppIcon;
				ASSETCATALOG_COMPILER_GLOBAL_ACCENT_COLOR_NAME = AccentColor;
				CLANG_ENABLE_MODULES = YES;
				CODE_SIGN_ENTITLEMENTS = fuap/fuapRelease.entitlements;
				CODE_SIGN_STYLE = Automatic;
				CURRENT_PROJECT_VERSION = 1;
				DEVELOPMENT_TEAM = 7VSVAXS4SU;
				ENABLE_PREVIEWS = YES;
				GENERATE_INFOPLIST_FILE = YES;
				INFOPLIST_FILE = fuap/Info.plist;
				INFOPLIST_KEY_CFBundleDisplayName = fuap;
				INFOPLIST_KEY_LSApplicationCategoryType = "public.app-category.developer-tools";
				INFOPLIST_KEY_UIApplicationSceneManifest_Generation = YES;
				INFOPLIST_KEY_UIApplicationSupportsIndirectInputEvents = YES;
				INFOPLIST_KEY_UILaunchScreen_Generation = YES;
				INFOPLIST_KEY_UISupportedInterfaceOrientations_iPad = "UIInterfaceOrientationPortrait UIInterfaceOrientationPortraitUpsideDown UIInterfaceOrientationLandscapeLeft UIInterfaceOrientationLandscapeRight";
				INFOPLIST_KEY_UISupportedInterfaceOrientations_iPhone = "UIInterfaceOrientationPortrait UIInterfaceOrientationLandscapeLeft UIInterfaceOrientationLandscapeRight";
				LD_RUNPATH_SEARCH_PATHS = (
					"$(inherited)",
					"@executable_path/Frameworks",
				);
				MARKETING_VERSION = 1.0;
				OTHER_LDFLAGS = "-ObjC";
				PRODUCT_BUNDLE_IDENTIFIER = io.disruptive.dev.fuap;
				PRODUCT_NAME = "$(TARGET_NAME)";
				SWIFT_EMIT_LOC_STRINGS = YES;
				SWIFT_OBJC_BRIDGING_HEADER = "fuap/fuap-Bridging-Header.h";
				SWIFT_OPTIMIZATION_LEVEL = "-Onone";
				SWIFT_VERSION = 5.0;
				TARGETED_DEVICE_FAMILY = "1,2";
			};
			name = Debug;
		};
		A17873302DDCE23F0095CC19 /* Release */ = {
			isa = XCBuildConfiguration;
			buildSettings = {
				ASSETCATALOG_COMPILER_APPICON_NAME = AppIcon;
				ASSETCATALOG_COMPILER_GLOBAL_ACCENT_COLOR_NAME = AccentColor;
				CLANG_ENABLE_MODULES = YES;
				CODE_SIGN_ENTITLEMENTS = fuap/fuapRelease.entitlements;
				CODE_SIGN_IDENTITY = "Apple Development";
				CODE_SIGN_STYLE = Automatic;
				CURRENT_PROJECT_VERSION = 1;
				DEVELOPMENT_TEAM = 7VSVAXS4SU;
				ENABLE_PREVIEWS = YES;
				GENERATE_INFOPLIST_FILE = YES;
				INFOPLIST_FILE = fuap/Info.plist;
				INFOPLIST_KEY_CFBundleDisplayName = fuap;
				INFOPLIST_KEY_LSApplicationCategoryType = "public.app-category.developer-tools";
				INFOPLIST_KEY_UIApplicationSceneManifest_Generation = YES;
				INFOPLIST_KEY_UIApplicationSupportsIndirectInputEvents = YES;
				INFOPLIST_KEY_UILaunchScreen_Generation = YES;
				INFOPLIST_KEY_UISupportedInterfaceOrientations_iPad = "UIInterfaceOrientationPortrait UIInterfaceOrientationPortraitUpsideDown UIInterfaceOrientationLandscapeLeft UIInterfaceOrientationLandscapeRight";
				INFOPLIST_KEY_UISupportedInterfaceOrientations_iPhone = "UIInterfaceOrientationPortrait UIInterfaceOrientationLandscapeLeft UIInterfaceOrientationLandscapeRight";
				LD_RUNPATH_SEARCH_PATHS = (
					"$(inherited)",
					"@executable_path/Frameworks",
				);
				MARKETING_VERSION = 1.0;
				OTHER_LDFLAGS = "-ObjC";
				PRODUCT_BUNDLE_IDENTIFIER = io.disruptive.dev.fuap;
				PRODUCT_NAME = "$(TARGET_NAME)";
				PROVISIONING_PROFILE_SPECIFIER = "";
				SWIFT_EMIT_LOC_STRINGS = YES;
				SWIFT_OBJC_BRIDGING_HEADER = "fuap/fuap-Bridging-Header.h";
				SWIFT_VERSION = 5.0;
				TARGETED_DEVICE_FAMILY = "1,2";
			};
			name = Release;
		};
		A17873322DDCE23F0095CC19 /* Debug */ = {
			isa = XCBuildConfiguration;
			buildSettings = {
				BUNDLE_LOADER = "$(TEST_HOST)";
				CODE_SIGN_STYLE = Automatic;
				CURRENT_PROJECT_VERSION = 1;
				DEVELOPMENT_TEAM = 7VSVAXS4SU;
				GENERATE_INFOPLIST_FILE = YES;
				IPHONEOS_DEPLOYMENT_TARGET = 18.4;
				MARKETING_VERSION = 1.0;
				PRODUCT_BUNDLE_IDENTIFIER = io.disruptive.dev.fuapTests;
				PRODUCT_NAME = "$(TARGET_NAME)";
				SWIFT_EMIT_LOC_STRINGS = NO;
				SWIFT_VERSION = 5.0;
				TARGETED_DEVICE_FAMILY = "1,2";
				TEST_HOST = "$(BUILT_PRODUCTS_DIR)/fuap.app/$(BUNDLE_EXECUTABLE_FOLDER_PATH)/fuap";
			};
			name = Debug;
		};
		A17873332DDCE23F0095CC19 /* Release */ = {
			isa = XCBuildConfiguration;
			buildSettings = {
				BUNDLE_LOADER = "$(TEST_HOST)";
				CODE_SIGN_STYLE = Automatic;
				CURRENT_PROJECT_VERSION = 1;
				DEVELOPMENT_TEAM = 7VSVAXS4SU;
				GENERATE_INFOPLIST_FILE = YES;
				IPHONEOS_DEPLOYMENT_TARGET = 18.4;
				MARKETING_VERSION = 1.0;
				PRODUCT_BUNDLE_IDENTIFIER = io.disruptive.dev.fuapTests;
				PRODUCT_NAME = "$(TARGET_NAME)";
				SWIFT_EMIT_LOC_STRINGS = NO;
				SWIFT_VERSION = 5.0;
				TARGETED_DEVICE_FAMILY = "1,2";
				TEST_HOST = "$(BUILT_PRODUCTS_DIR)/fuap.app/$(BUNDLE_EXECUTABLE_FOLDER_PATH)/fuap";
			};
			name = Release;
		};
		A17873352DDCE23F0095CC19 /* Debug */ = {
			isa = XCBuildConfiguration;
			buildSettings = {
				CODE_SIGN_STYLE = Automatic;
				CURRENT_PROJECT_VERSION = 1;
				DEVELOPMENT_TEAM = 7VSVAXS4SU;
				GENERATE_INFOPLIST_FILE = YES;
				MARKETING_VERSION = 1.0;
				PRODUCT_BUNDLE_IDENTIFIER = io.disruptive.dev.fuapUITests;
				PRODUCT_NAME = "$(TARGET_NAME)";
				SWIFT_EMIT_LOC_STRINGS = NO;
				SWIFT_VERSION = 5.0;
				TARGETED_DEVICE_FAMILY = "1,2";
				TEST_TARGET_NAME = fuap;
			};
			name = Debug;
		};
		A17873362DDCE23F0095CC19 /* Release */ = {
			isa = XCBuildConfiguration;
			buildSettings = {
				CODE_SIGN_STYLE = Automatic;
				CURRENT_PROJECT_VERSION = 1;
				DEVELOPMENT_TEAM = 7VSVAXS4SU;
				GENERATE_INFOPLIST_FILE = YES;
				MARKETING_VERSION = 1.0;
				PRODUCT_BUNDLE_IDENTIFIER = io.disruptive.dev.fuapUITests;
				PRODUCT_NAME = "$(TARGET_NAME)";
				SWIFT_EMIT_LOC_STRINGS = NO;
				SWIFT_VERSION = 5.0;
				TARGETED_DEVICE_FAMILY = "1,2";
				TEST_TARGET_NAME = fuap;
			};
			name = Release;
		};
/* End XCBuildConfiguration section */

/* Begin XCConfigurationList section */
		A17873082DDCE23D0095CC19 /* Build configuration list for PBXProject "fuap" */ = {
			isa = XCConfigurationList;
			buildConfigurations = (
				A178732C2DDCE23F0095CC19 /* Debug */,
				A178732D2DDCE23F0095CC19 /* Release */,
			);
			defaultConfigurationIsVisible = 0;
			defaultConfigurationName = Release;
		};
		A178732E2DDCE23F0095CC19 /* Build configuration list for PBXNativeTarget "fuap" */ = {
			isa = XCConfigurationList;
			buildConfigurations = (
				A178732F2DDCE23F0095CC19 /* Debug */,
				A17873302DDCE23F0095CC19 /* Release */,
			);
			defaultConfigurationIsVisible = 0;
			defaultConfigurationName = Release;
		};
		A17873312DDCE23F0095CC19 /* Build configuration list for PBXNativeTarget "fuapTests" */ = {
			isa = XCConfigurationList;
			buildConfigurations = (
				A17873322DDCE23F0095CC19 /* Debug */,
				A17873332DDCE23F0095CC19 /* Release */,
			);
			defaultConfigurationIsVisible = 0;
			defaultConfigurationName = Release;
		};
		A17873342DDCE23F0095CC19 /* Build configuration list for PBXNativeTarget "fuapUITests" */ = {
			isa = XCConfigurationList;
			buildConfigurations = (
				A17873352DDCE23F0095CC19 /* Debug */,
				A17873362DDCE23F0095CC19 /* Release */,
			);
			defaultConfigurationIsVisible = 0;
			defaultConfigurationName = Release;
		};
/* End XCConfigurationList section */

/* Begin XCRemoteSwiftPackageReference section */
		A1D95EA12DDD0343006EE0C0 /* XCRemoteSwiftPackageReference "firebase-ios-sdk" */ = {
			isa = XCRemoteSwiftPackageReference;
			repositoryURL = "https://github.com/firebase/firebase-ios-sdk.git";
			requirement = {
				kind = upToNextMajorVersion;
				minimumVersion = 11.13.0;
			};
		};
/* End XCRemoteSwiftPackageReference section */

/* Begin XCSwiftPackageProductDependency section */
		A1D95EA22DDD0343006EE0C0 /* FirebaseAnalytics */ = {
			isa = XCSwiftPackageProductDependency;
			package = A1D95EA12DDD0343006EE0C0 /* XCRemoteSwiftPackageReference "firebase-ios-sdk" */;
			productName = FirebaseAnalytics;
		};
		A1D95EA62DDD0343006EE0C0 /* FirebaseCore */ = {
			isa = XCSwiftPackageProductDependency;
			package = A1D95EA12DDD0343006EE0C0 /* XCRemoteSwiftPackageReference "firebase-ios-sdk" */;
			productName = FirebaseCore;
		};
		A1D95EA82DDD0343006EE0C0 /* FirebaseCrashlytics */ = {
			isa = XCSwiftPackageProductDependency;
			package = A1D95EA12DDD0343006EE0C0 /* XCRemoteSwiftPackageReference "firebase-ios-sdk" */;
			productName = FirebaseCrashlytics;
		};
		A1D95EAA2DDD0343006EE0C0 /* FirebaseFirestore */ = {
			isa = XCSwiftPackageProductDependency;
			package = A1D95EA12DDD0343006EE0C0 /* XCRemoteSwiftPackageReference "firebase-ios-sdk" */;
			productName = FirebaseFirestore;
		};
		A1D95EAC2DDD0343006EE0C0 /* FirebaseStorage */ = {
			isa = XCSwiftPackageProductDependency;
			package = A1D95EA12DDD0343006EE0C0 /* XCRemoteSwiftPackageReference "firebase-ios-sdk" */;
			productName = FirebaseStorage;
		};
		A1D95ED42DDD56F8006EE0C0 /* FirebaseAuth */ = {
			isa = XCSwiftPackageProductDependency;
			package = A1D95EA12DDD0343006EE0C0 /* XCRemoteSwiftPackageReference "firebase-ios-sdk" */;
			productName = FirebaseAuth;
		};
		A1D95ED62DDD5747006EE0C0 /* FirebaseDynamicLinks */ = {
			isa = XCSwiftPackageProductDependency;
			package = A1D95EA12DDD0343006EE0C0 /* XCRemoteSwiftPackageReference "firebase-ios-sdk" */;
			productName = FirebaseDynamicLinks;
		};
/* End XCSwiftPackageProductDependency section */
	};
	rootObject = A17873052DDCE23D0095CC19 /* Project object */;
}
